// !$*UTF8*$!
{
	archiveVersion = 1;
	classes = {
	};
	objectVersion = 46;
	objects = {

/* Begin PBXBuildFile section */
		F31679CB1D15B3E30005003C /* AppDelegate.swift in Sources */ = {isa = PBXBuildFile; fileRef = F31679CA1D15B3E30005003C /* AppDelegate.swift */; };
		F31679CD1D15B3E30005003C /* ViewController.swift in Sources */ = {isa = PBXBuildFile; fileRef = F31679CC1D15B3E30005003C /* ViewController.swift */; };
		F31679D01D15B3E30005003C /* Main.storyboard in Resources */ = {isa = PBXBuildFile; fileRef = F31679CE1D15B3E30005003C /* Main.storyboard */; };
		F31679D51D15B3E30005003C /* LaunchScreen.storyboard in Resources */ = {isa = PBXBuildFile; fileRef = F31679D31D15B3E30005003C /* LaunchScreen.storyboard */; };
		F31679DD1D15F3E00005003C /* Assets.xcassets in Resources */ = {isa = PBXBuildFile; fileRef = F31679DC1D15F3E00005003C /* Assets.xcassets */; };
		F31679DF1D16077C0005003C /* ResultsViewController.swift in Sources */ = {isa = PBXBuildFile; fileRef = F31679DE1D16077C0005003C /* ResultsViewController.swift */; };
		F3F162C31D1C81610073F929 /* MatchHistoryTableViewController.swift in Sources */ = {isa = PBXBuildFile; fileRef = F3F162C21D1C81610073F929 /* MatchHistoryTableViewController.swift */; };
		F3F162C51D1CD04F0073F929 /* DataModel.swift in Sources */ = {isa = PBXBuildFile; fileRef = F3F162C41D1CD04F0073F929 /* DataModel.swift */; };
		F3F162C71D1CF7290073F929 /* MatchHistoryDataModel.swift in Sources */ = {isa = PBXBuildFile; fileRef = F3F162C61D1CF7290073F929 /* MatchHistoryDataModel.swift */; };
/* End PBXBuildFile section */

/* Begin PBXFileReference section */
		F31679C71D15B3E30005003C /* RockPaperScissorsGame.app */ = {isa = PBXFileReference; explicitFileType = wrapper.application; includeInIndex = 0; path = RockPaperScissorsGame.app; sourceTree = BUILT_PRODUCTS_DIR; };
		F31679CA1D15B3E30005003C /* AppDelegate.swift */ = {isa = PBXFileReference; lastKnownFileType = sourcecode.swift; path = AppDelegate.swift; sourceTree = "<group>"; };
		F31679CC1D15B3E30005003C /* ViewController.swift */ = {isa = PBXFileReference; lastKnownFileType = sourcecode.swift; path = ViewController.swift; sourceTree = "<group>"; };
		F31679CF1D15B3E30005003C /* Base */ = {isa = PBXFileReference; lastKnownFileType = file.storyboard; name = Base; path = Base.lproj/Main.storyboard; sourceTree = "<group>"; };
		F31679D41D15B3E30005003C /* Base */ = {isa = PBXFileReference; lastKnownFileType = file.storyboard; name = Base; path = Base.lproj/LaunchScreen.storyboard; sourceTree = "<group>"; };
		F31679D61D15B3E30005003C /* Info.plist */ = {isa = PBXFileReference; lastKnownFileType = text.plist.xml; path = Info.plist; sourceTree = "<group>"; };
		F31679DC1D15F3E00005003C /* Assets.xcassets */ = {isa = PBXFileReference; lastKnownFileType = folder.assetcatalog; path = Assets.xcassets; sourceTree = "<group>"; };
		F31679DE1D16077C0005003C /* ResultsViewController.swift */ = {isa = PBXFileReference; fileEncoding = 4; lastKnownFileType = sourcecode.swift; path = ResultsViewController.swift; sourceTree = "<group>"; };
		F3F162C21D1C81610073F929 /* MatchHistoryTableViewController.swift */ = {isa = PBXFileReference; fileEncoding = 4; lastKnownFileType = sourcecode.swift; path = MatchHistoryTableViewController.swift; sourceTree = "<group>"; };
		F3F162C41D1CD04F0073F929 /* DataModel.swift */ = {isa = PBXFileReference; fileEncoding = 4; lastKnownFileType = sourcecode.swift; path = DataModel.swift; sourceTree = "<group>"; };
		F3F162C61D1CF7290073F929 /* MatchHistoryDataModel.swift */ = {isa = PBXFileReference; fileEncoding = 4; lastKnownFileType = sourcecode.swift; path = MatchHistoryDataModel.swift; sourceTree = "<group>"; };
/* End PBXFileReference section */

/* Begin PBXFrameworksBuildPhase section */
		F31679C41D15B3E30005003C /* Frameworks */ = {
			isa = PBXFrameworksBuildPhase;
			buildActionMask = 2147483647;
			files = (
			);
			runOnlyForDeploymentPostprocessing = 0;
		};
/* End PBXFrameworksBuildPhase section */

/* Begin PBXGroup section */
		F31679BE1D15B3E30005003C = {
			isa = PBXGroup;
			children = (
				F31679C91D15B3E30005003C /* RockPaperScissorsGame */,
				F31679C81D15B3E30005003C /* Products */,
			);
			sourceTree = "<group>";
		};
		F31679C81D15B3E30005003C /* Products */ = {
			isa = PBXGroup;
			children = (
				F31679C71D15B3E30005003C /* RockPaperScissorsGame.app */,
			);
			name = Products;
			sourceTree = "<group>";
		};
		F31679C91D15B3E30005003C /* RockPaperScissorsGame */ = {
			isa = PBXGroup;
			children = (
				F31679DC1D15F3E00005003C /* Assets.xcassets */,
				F31679CA1D15B3E30005003C /* AppDelegate.swift */,
				F31679CE1D15B3E30005003C /* Main.storyboard */,
				F31679D31D15B3E30005003C /* LaunchScreen.storyboard */,
				F31679D61D15B3E30005003C /* Info.plist */,
				F31679CC1D15B3E30005003C /* ViewController.swift */,
				F31679DE1D16077C0005003C /* ResultsViewController.swift */,
				F3F162C41D1CD04F0073F929 /* DataModel.swift */,
				F3F162C21D1C81610073F929 /* MatchHistoryTableViewController.swift */,
				F3F162C61D1CF7290073F929 /* MatchHistoryDataModel.swift */,
			);
			path = RockPaperScissorsGame;
			sourceTree = "<group>";
		};
/* End PBXGroup section */

/* Begin PBXNativeTarget section */
		F31679C61D15B3E30005003C /* RockPaperScissorsGame */ = {
			isa = PBXNativeTarget;
			buildConfigurationList = F31679D91D15B3E30005003C /* Build configuration list for PBXNativeTarget "RockPaperScissorsGame" */;
			buildPhases = (
				F31679C31D15B3E30005003C /* Sources */,
				F31679C41D15B3E30005003C /* Frameworks */,
				F31679C51D15B3E30005003C /* Resources */,
			);
			buildRules = (
			);
			dependencies = (
			);
			name = RockPaperScissorsGame;
			productName = RockPaperScissorsGame;
			productReference = F31679C71D15B3E30005003C /* RockPaperScissorsGame.app */;
			productType = "com.apple.product-type.application";
		};
/* End PBXNativeTarget section */

/* Begin PBXProject section */
		F31679BF1D15B3E30005003C /* Project object */ = {
			isa = PBXProject;
			attributes = {
				LastSwiftUpdateCheck = 0730;
				LastUpgradeCheck = 0730;
				ORGANIZATIONNAME = "Norris Swift Sample Application";
				TargetAttributes = {
					F31679C61D15B3E30005003C = {
						CreatedOnToolsVersion = 7.3.1;
						DevelopmentTeam = 6AK84RJP73;
					};
				};
			};
			buildConfigurationList = F31679C21D15B3E30005003C /* Build configuration list for PBXProject "RockPaperScissorsGame" */;
			compatibilityVersion = "Xcode 3.2";
			developmentRegion = English;
			hasScannedForEncodings = 0;
			knownRegions = (
				en,
				Base,
			);
			mainGroup = F31679BE1D15B3E30005003C;
			productRefGroup = F31679C81D15B3E30005003C /* Products */;
			projectDirPath = "";
			projectRoot = "";
			targets = (
				F31679C61D15B3E30005003C /* RockPaperScissorsGame */,
			);
		};
/* End PBXProject section */

/* Begin PBXResourcesBuildPhase section */
		F31679C51D15B3E30005003C /* Resources */ = {
			isa = PBXResourcesBuildPhase;
			buildActionMask = 2147483647;
			files = (
				F31679D51D15B3E30005003C /* LaunchScreen.storyboard in Resources */,
				F31679DD1D15F3E00005003C /* Assets.xcassets in Resources */,
				F31679D01D15B3E30005003C /* Main.storyboard in Resources */,
			);
			runOnlyForDeploymentPostprocessing = 0;
		};
/* End PBXResourcesBuildPhase section */

/* Begin PBXSourcesBuildPhase section */
		F31679C31D15B3E30005003C /* Sources */ = {
			isa = PBXSourcesBuildPhase;
			buildActionMask = 2147483647;
			files = (
				F3F162C51D1CD04F0073F929 /* DataModel.swift in Sources */,
				F31679CD1D15B3E30005003C /* ViewController.swift in Sources */,
				F31679DF1D16077C0005003C /* ResultsViewController.swift in Sources */,
				F3F162C31D1C81610073F929 /* MatchHistoryTableViewController.swift in Sources */,
				F3F162C71D1CF7290073F929 /* MatchHistoryDataModel.swift in Sources */,
				F31679CB1D15B3E30005003C /* AppDelegate.swift in Sources */,
			);
			runOnlyForDeploymentPostprocessing = 0;
		};
/* End PBXSourcesBuildPhase section */

/* Begin PBXVariantGroup section */
		F31679CE1D15B3E30005003C /* Main.storyboard */ = {
			isa = PBXVariantGroup;
			children = (
				F31679CF1D15B3E30005003C /* Base */,
			);
			name = Main.storyboard;
			sourceTree = "<group>";
		};
		F31679D31D15B3E30005003C /* LaunchScreen.storyboard */ = {
			isa = PBXVariantGroup;
			children = (
				F31679D41D15B3E30005003C /* Base */,
			);
			name = LaunchScreen.storyboard;
			sourceTree = "<group>";
		};
/* End PBXVariantGroup section */

/* Begin XCBuildConfiguration section */
		F31679D71D15B3E30005003C /* Debug */ = {
			isa = XCBuildConfiguration;
			buildSettings = {
				ALWAYS_SEARCH_USER_PATHS = NO;
				CLANG_ANALYZER_NONNULL = YES;
				CLANG_CXX_LANGUAGE_STANDARD = "gnu++0x";
				CLANG_CXX_LIBRARY = "libc++";
				CLANG_ENABLE_MODULES = YES;
				CLANG_ENABLE_OBJC_ARC = YES;
				CLANG_WARN_BOOL_CONVERSION = YES;
				CLANG_WARN_CONSTANT_CONVERSION = YES;
				CLANG_WARN_DIRECT_OBJC_ISA_USAGE = YES_ERROR;
				CLANG_WARN_EMPTY_BODY = YES;
				CLANG_WARN_ENUM_CONVERSION = YES;
				CLANG_WARN_INT_CONVERSION = YES;
				CLANG_WARN_OBJC_ROOT_CLASS = YES_ERROR;
				CLANG_WARN_UNREACHABLE_CODE = YES;
				CLANG_WARN__DUPLICATE_METHOD_MATCH = YES;
				"CODE_SIGN_IDENTITY[sdk=iphoneos*]" = "iPhone Developer";
				COPY_PHASE_STRIP = NO;
				DEBUG_INFORMATION_FORMAT = dwarf;
				ENABLE_STRICT_OBJC_MSGSEND = YES;
				ENABLE_TESTABILITY = YES;
				GCC_C_LANGUAGE_STANDARD = gnu99;
				GCC_DYNAMIC_NO_PIC = NO;
				GCC_NO_COMMON_BLOCKS = YES;
				GCC_OPTIMIZATION_LEVEL = 0;
				GCC_PREPROCESSOR_DEFINITIONS = (
					"DEBUG=1",
					"$(inherited)",
				);
				GCC_WARN_64_TO_32_BIT_CONVERSION = YES;
				GCC_WARN_ABOUT_RETURN_TYPE = YES_ERROR;
				GCC_WARN_UNDECLARED_SELECTOR = YES;
				GCC_WARN_UNINITIALIZED_AUTOS = YES_AGGRESSIVE;
				GCC_WARN_UNUSED_FUNCTION = YES;
				GCC_WARN_UNUSED_VARIABLE = YES;
				IPHONEOS_DEPLOYMENT_TARGET = 9.3;
				MTL_ENABLE_DEBUG_INFO = YES;
				ONLY_ACTIVE_ARCH = YES;
				SDKROOT = iphoneos;
				SWIFT_OPTIMIZATION_LEVEL = "-Onone";
			};
			name = Debug;
		};
		F31679D81D15B3E30005003C /* Release */ = {
			isa = XCBuildConfiguration;
			buildSettings = {
				ALWAYS_SEARCH_USER_PATHS = NO;
				CLANG_ANALYZER_NONNULL = YES;
				CLANG_CXX_LANGUAGE_STANDARD = "gnu++0x";
				CLANG_CXX_LIBRARY = "libc++";
				CLANG_ENABLE_MODULES = YES;
				CLANG_ENABLE_OBJC_ARC = YES;
				CLANG_WARN_BOOL_CONVERSION = YES;
				CLANG_WARN_CONSTANT_CONVERSION = YES;
				CLANG_WARN_DIRECT_OBJC_ISA_USAGE = YES_ERROR;
				CLANG_WARN_EMPTY_BODY = YES;
				CLANG_WARN_ENUM_CONVERSION = YES;
				CLANG_WARN_INT_CONVERSION = YES;
				CLANG_WARN_OBJC_ROOT_CLASS = YES_ERROR;
				CLANG_WARN_UNREACHABLE_CODE = YES;
				CLANG_WARN__DUPLICATE_METHOD_MATCH = YES;
				"CODE_SIGN_IDENTITY[sdk=iphoneos*]" = "iPhone Developer";
				COPY_PHASE_STRIP = NO;
				DEBUG_INFORMATION_FORMAT = "dwarf-with-dsym";
				ENABLE_NS_ASSERTIONS = NO;
				ENABLE_STRICT_OBJC_MSGSEND = YES;
				GCC_C_LANGUAGE_STANDARD = gnu99;
				GCC_NO_COMMON_BLOCKS = YES;
				GCC_WARN_64_TO_32_BIT_CONVERSION = YES;
				GCC_WARN_ABOUT_RETURN_TYPE = YES_ERROR;
				GCC_WARN_UNDECLARED_SELECTOR = YES;
				GCC_WARN_UNINITIALIZED_AUTOS = YES_AGGRESSIVE;
				GCC_WARN_UNUSED_FUNCTION = YES;
				GCC_WARN_UNUSED_VARIABLE = YES;
				IPHONEOS_DEPLOYMENT_TARGET = 9.3;
				MTL_ENABLE_DEBUG_INFO = NO;
				SDKROOT = iphoneos;
				VALIDATE_PRODUCT = YES;
			};
			name = Release;
		};
		F31679DA1D15B3E30005003C /* Debug */ = {
			isa = XCBuildConfiguration;
			buildSettings = {
				ASSETCATALOG_COMPILER_APPICON_NAME = AppIcon;
				CODE_SIGN_IDENTITY = "iPhone Developer";
				"CODE_SIGN_IDENTITY[sdk=iphoneos*]" = "iPhone Developer";
				INFOPLIST_FILE = RockPaperScissorsGame/Info.plist;
				LD_RUNPATH_SEARCH_PATHS = "$(inherited) @executable_path/Frameworks";
				PRODUCT_BUNDLE_IDENTIFIER = "NO-COMP.RockPaperScissorsGame";
				PRODUCT_NAME = "$(TARGET_NAME)";
				PROVISIONING_PROFILE = "";
			};
			name = Debug;
		};
		F31679DB1D15B3E30005003C /* Release */ = {
			isa = XCBuildConfiguration;
			buildSettings = {
				ASSETCATALOG_COMPILER_APPICON_NAME = AppIcon;
				CODE_SIGN_IDENTITY = "iPhone Developer";
				"CODE_SIGN_IDENTITY[sdk=iphoneos*]" = "iPhone Developer";
				INFOPLIST_FILE = RockPaperScissorsGame/Info.plist;
				LD_RUNPATH_SEARCH_PATHS = "$(inherited) @executable_path/Frameworks";
				PRODUCT_BUNDLE_IDENTIFIER = "NO-COMP.RockPaperScissorsGame";
				PRODUCT_NAME = "$(TARGET_NAME)";
				PROVISIONING_PROFILE = "";
			};
			name = Release;
		};
/* End XCBuildConfiguration section */

/* Begin XCConfigurationList section */
		F31679C21D15B3E30005003C /* Build configuration list for PBXProject "RockPaperScissorsGame" */ = {
			isa = XCConfigurationList;
			buildConfigurations = (
				F31679D71D15B3E30005003C /* Debug */,
				F31679D81D15B3E30005003C /* Release */,
			);
			defaultConfigurationIsVisible = 0;
			defaultConfigurationName = Release;
		};
		F31679D91D15B3E30005003C /* Build configuration list for PBXNativeTarget "RockPaperScissorsGame" */ = {
			isa = XCConfigurationList;
			buildConfigurations = (
				F31679DA1D15B3E30005003C /* Debug */,
				F31679DB1D15B3E30005003C /* Release */,
			);
			defaultConfigurationIsVisible = 0;
			defaultConfigurationName = Release;
		};
/* End XCConfigurationList section */
	};
	rootObject = F31679BF1D15B3E30005003C /* Project object */;
}
